
Microsoft Visual Studio Solution File, Format Version 12.00
# Visual Studio Version 17
VisualStudioVersion = 17.6.33815.320
MinimumVisualStudioVersion = 10.0.40219.1
Project("{FAE04EC0-301F-11D3-BF4B-00C04F79EFBC}") = "ContactAPI", "ContactAPI\ContactAPI.csproj", "{81CA11EE-283F-4347-872F-66934D5F84EF}"
EndProject
Project("{FAE04EC0-301F-11D3-BF4B-00C04F79EFBC}") = "ContactCore", "ContactCore\ContactCore.csproj", "{A4A56672-A9BB-4199-9C25-6E6D6D6C31FF}"
EndProject
Project("{FAE04EC0-301F-11D3-BF4B-00C04F79EFBC}") = "ContactApplication", "ContactApplication\ContactApplication.csproj", "{FE628DA2-ADBB-41A0-8F79-37798036E865}"
EndProject
Project("{FAE04EC0-301F-11D3-BF4B-00C04F79EFBC}") = "ContactInfrastructure", "ContactInfrastructure\ContactInfrastructure.csproj", "{BA7F95B3-090C-4A96-AB74-77D563A5C094}"
EndProject
Global
	GlobalSection(SolutionProperties) = preSolution
		HideSolutionNode = FALSE
	EndGlobalSection
	GlobalSection(ExtensibilityGlobals) = postSolution
		SolutionGuid = {61F5903A-A751-406C-B006-922910AFC52C}
	EndGlobalSection
	GlobalSection(SolutionConfigurationPlatforms) = preSolution
		Debug|Any CPU = Debug|Any CPU
		Debug|x64 = Debug|x64
		Debug|x86 = Debug|x86
		Release|Any CPU = Release|Any CPU
		Release|x64 = Release|x64
		Release|x86 = Release|x86
	EndGlobalSection
	GlobalSection(ProjectConfigurationPlatforms) = postSolution
		{81CA11EE-283F-4347-872F-66934D5F84EF}.Debug|Any CPU.ActiveCfg = Debug|Any CPU
		{81CA11EE-283F-4347-872F-66934D5F84EF}.Debug|Any CPU.Build.0 = Debug|Any CPU
		{81CA11EE-283F-4347-872F-66934D5F84EF}.Debug|x64.ActiveCfg = Debug|Any CPU
		{81CA11EE-283F-4347-872F-66934D5F84EF}.Debug|x64.Build.0 = Debug|Any CPU
		{81CA11EE-283F-4347-872F-66934D5F84EF}.Debug|x86.ActiveCfg = Debug|Any CPU
		{81CA11EE-283F-4347-872F-66934D5F84EF}.Debug|x86.Build.0 = Debug|Any CPU
		{81CA11EE-283F-4347-872F-66934D5F84EF}.Release|Any CPU.ActiveCfg = Release|Any CPU
		{81CA11EE-283F-4347-872F-66934D5F84EF}.Release|Any CPU.Build.0 = Release|Any CPU
		{81CA11EE-283F-4347-872F-66934D5F84EF}.Release|x64.ActiveCfg = Release|Any CPU
		{81CA11EE-283F-4347-872F-66934D5F84EF}.Release|x64.Build.0 = Release|Any CPU
		{81CA11EE-283F-4347-872F-66934D5F84EF}.Release|x86.ActiveCfg = Release|Any CPU
		{81CA11EE-283F-4347-872F-66934D5F84EF}.Release|x86.Build.0 = Release|Any CPU
		{A4A56672-A9BB-4199-9C25-6E6D6D6C31FF}.Debug|Any CPU.ActiveCfg = Debug|Any CPU
		{A4A56672-A9BB-4199-9C25-6E6D6D6C31FF}.Debug|Any CPU.Build.0 = Debug|Any CPU
		{A4A56672-A9BB-4199-9C25-6E6D6D6C31FF}.Debug|x64.ActiveCfg = Debug|Any CPU
		{A4A56672-A9BB-4199-9C25-6E6D6D6C31FF}.Debug|x64.Build.0 = Debug|Any CPU
		{A4A56672-A9BB-4199-9C25-6E6D6D6C31FF}.Debug|x86.ActiveCfg = Debug|Any CPU
		{A4A56672-A9BB-4199-9C25-6E6D6D6C31FF}.Debug|x86.Build.0 = Debug|Any CPU
		{A4A56672-A9BB-4199-9C25-6E6D6D6C31FF}.Release|Any CPU.ActiveCfg = Release|Any CPU
		{A4A56672-A9BB-4199-9C25-6E6D6D6C31FF}.Release|Any CPU.Build.0 = Release|Any CPU
		{A4A56672-A9BB-4199-9C25-6E6D6D6C31FF}.Release|x64.ActiveCfg = Release|Any CPU
		{A4A56672-A9BB-4199-9C25-6E6D6D6C31FF}.Release|x64.Build.0 = Release|Any CPU
		{A4A56672-A9BB-4199-9C25-6E6D6D6C31FF}.Release|x86.ActiveCfg = Release|Any CPU
		{A4A56672-A9BB-4199-9C25-6E6D6D6C31FF}.Release|x86.Build.0 = Release|Any CPU
		{FE628DA2-ADBB-41A0-8F79-37798036E865}.Debug|Any CPU.ActiveCfg = Debug|Any CPU
		{FE628DA2-ADBB-41A0-8F79-37798036E865}.Debug|Any CPU.Build.0 = Debug|Any CPU
		{FE628DA2-ADBB-41A0-8F79-37798036E865}.Debug|x64.ActiveCfg = Debug|Any CPU
		{FE628DA2-ADBB-41A0-8F79-37798036E865}.Debug|x64.Build.0 = Debug|Any CPU
		{FE628DA2-ADBB-41A0-8F79-37798036E865}.Debug|x86.ActiveCfg = Debug|Any CPU
		{FE628DA2-ADBB-41A0-8F79-37798036E865}.Debug|x86.Build.0 = Debug|Any CPU
		{FE628DA2-ADBB-41A0-8F79-37798036E865}.Release|Any CPU.ActiveCfg = Release|Any CPU
		{FE628DA2-ADBB-41A0-8F79-37798036E865}.Release|Any CPU.Build.0 = Release|Any CPU
		{FE628DA2-ADBB-41A0-8F79-37798036E865}.Release|x64.ActiveCfg = Release|Any CPU
		{FE628DA2-ADBB-41A0-8F79-37798036E865}.Release|x64.Build.0 = Release|Any CPU
		{FE628DA2-ADBB-41A0-8F79-37798036E865}.Release|x86.ActiveCfg = Release|Any CPU
		{FE628DA2-ADBB-41A0-8F79-37798036E865}.Release|x86.Build.0 = Release|Any CPU
		{BA7F95B3-090C-4A96-AB74-77D563A5C094}.Debug|Any CPU.ActiveCfg = Debug|Any CPU
		{BA7F95B3-090C-4A96-AB74-77D563A5C094}.Debug|Any CPU.Build.0 = Debug|Any CPU
		{BA7F95B3-090C-4A96-AB74-77D563A5C094}.Debug|x64.ActiveCfg = Debug|Any CPU
		{BA7F95B3-090C-4A96-AB74-77D563A5C094}.Debug|x64.Build.0 = Debug|Any CPU
		{BA7F95B3-090C-4A96-AB74-77D563A5C094}.Debug|x86.ActiveCfg = Debug|Any CPU
		{BA7F95B3-090C-4A96-AB74-77D563A5C094}.Debug|x86.Build.0 = Debug|Any CPU
		{BA7F95B3-090C-4A96-AB74-77D563A5C094}.Release|Any CPU.ActiveCfg = Release|Any CPU
		{BA7F95B3-090C-4A96-AB74-77D563A5C094}.Release|Any CPU.Build.0 = Release|Any CPU
		{BA7F95B3-090C-4A96-AB74-77D563A5C094}.Release|x64.ActiveCfg = Release|Any CPU
		{BA7F95B3-090C-4A96-AB74-77D563A5C094}.Release|x64.Build.0 = Release|Any CPU
		{BA7F95B3-090C-4A96-AB74-77D563A5C094}.Release|x86.ActiveCfg = Release|Any CPU
		{BA7F95B3-090C-4A96-AB74-77D563A5C094}.Release|x86.Build.0 = Release|Any CPU
	EndGlobalSection
EndGlobal
